// !$*UTF8*$!
{
	archiveVersion = 1;
	classes = {
	};
	objectVersion = 56;
	objects = {

/* Begin PBXBuildFile section */
		D7605BB629B105AF002512E9 /* WeatherDataSource.swift in Sources */ = {isa = PBXBuildFile; fileRef = D7605BB529B105AF002512E9 /* WeatherDataSource.swift */; };
		D7605BB729B105AF002512E9 /* WeatherDataSource.swift in Sources */ = {isa = PBXBuildFile; fileRef = D7605BB529B105AF002512E9 /* WeatherDataSource.swift */; };
		D7605BB929B10A28002512E9 /* CityCell.swift in Sources */ = {isa = PBXBuildFile; fileRef = D7605BB829B10A28002512E9 /* CityCell.swift */; };
		D7605BBA29B10A28002512E9 /* CityCell.swift in Sources */ = {isa = PBXBuildFile; fileRef = D7605BB829B10A28002512E9 /* CityCell.swift */; };
		D7605BBC29B10B23002512E9 /* ForecastCell.swift in Sources */ = {isa = PBXBuildFile; fileRef = D7605BBB29B10B23002512E9 /* ForecastCell.swift */; };
		D7605BBD29B10B23002512E9 /* ForecastCell.swift in Sources */ = {isa = PBXBuildFile; fileRef = D7605BBB29B10B23002512E9 /* ForecastCell.swift */; };
		D7605BBF29B1153B002512E9 /* UITableView+Register.swift in Sources */ = {isa = PBXBuildFile; fileRef = D7605BBE29B1153B002512E9 /* UITableView+Register.swift */; };
		D7605BC029B1153B002512E9 /* UITableView+Register.swift in Sources */ = {isa = PBXBuildFile; fileRef = D7605BBE29B1153B002512E9 /* UITableView+Register.swift */; };
		D7605BC229B12016002512E9 /* UseCaseMock.swift in Sources */ = {isa = PBXBuildFile; fileRef = D7605BC129B12016002512E9 /* UseCaseMock.swift */; };
		D7605BC429B121BE002512E9 /* WeatherResponce.json in Resources */ = {isa = PBXBuildFile; fileRef = D7605BC329B121BE002512E9 /* WeatherResponce.json */; };
		D7605BC629B1220F002512E9 /* JSONData.swift in Sources */ = {isa = PBXBuildFile; fileRef = D7605BC529B1220F002512E9 /* JSONData.swift */; };
		D7605BC729B1220F002512E9 /* JSONData.swift in Sources */ = {isa = PBXBuildFile; fileRef = D7605BC529B1220F002512E9 /* JSONData.swift */; };
		D7605BC929B15136002512E9 /* Data+distance.swift in Sources */ = {isa = PBXBuildFile; fileRef = D7605BC829B15136002512E9 /* Data+distance.swift */; };
		D7605BCA29B15136002512E9 /* Data+distance.swift in Sources */ = {isa = PBXBuildFile; fileRef = D7605BC829B15136002512E9 /* Data+distance.swift */; };
		D7C127C529B09CFD0071383D /* AppDelegate.swift in Sources */ = {isa = PBXBuildFile; fileRef = D7C127C429B09CFD0071383D /* AppDelegate.swift */; };
		D7C127C729B09CFD0071383D /* SceneDelegate.swift in Sources */ = {isa = PBXBuildFile; fileRef = D7C127C629B09CFD0071383D /* SceneDelegate.swift */; };
		D7C127C929B09CFD0071383D /* ViewController.swift in Sources */ = {isa = PBXBuildFile; fileRef = D7C127C829B09CFD0071383D /* ViewController.swift */; };
		D7C127CC29B09CFD0071383D /* Main.storyboard in Resources */ = {isa = PBXBuildFile; fileRef = D7C127CA29B09CFD0071383D /* Main.storyboard */; };
		D7C127CE29B09CFE0071383D /* Assets.xcassets in Resources */ = {isa = PBXBuildFile; fileRef = D7C127CD29B09CFE0071383D /* Assets.xcassets */; };
		D7C127D129B09CFE0071383D /* LaunchScreen.storyboard in Resources */ = {isa = PBXBuildFile; fileRef = D7C127CF29B09CFE0071383D /* LaunchScreen.storyboard */; };
		D7C127DC29B09CFF0071383D /* WeatherForecastTests.swift in Sources */ = {isa = PBXBuildFile; fileRef = D7C127DB29B09CFF0071383D /* WeatherForecastTests.swift */; };
		D7C127E629B09CFF0071383D /* WeatherForecastUITests.swift in Sources */ = {isa = PBXBuildFile; fileRef = D7C127E529B09CFF0071383D /* WeatherForecastUITests.swift */; };
		D7C127E829B09CFF0071383D /* WeatherForecastUITestsLaunchTests.swift in Sources */ = {isa = PBXBuildFile; fileRef = D7C127E729B09CFF0071383D /* WeatherForecastUITestsLaunchTests.swift */; };
		D7C1284429B0D2C60071383D /* HomeViewController.swift in Sources */ = {isa = PBXBuildFile; fileRef = D7C1282529B0D2C60071383D /* HomeViewController.swift */; };
		D7C1284529B0D2C60071383D /* HomeViewController.swift in Sources */ = {isa = PBXBuildFile; fileRef = D7C1282529B0D2C60071383D /* HomeViewController.swift */; };
		D7C1284629B0D2C60071383D /* ForecastDTO.swift in Sources */ = {isa = PBXBuildFile; fileRef = D7C1282929B0D2C60071383D /* ForecastDTO.swift */; };
		D7C1284729B0D2C60071383D /* ForecastDTO.swift in Sources */ = {isa = PBXBuildFile; fileRef = D7C1282929B0D2C60071383D /* ForecastDTO.swift */; };
		D7C1284829B0D2C60071383D /* WeatherDTO.swift in Sources */ = {isa = PBXBuildFile; fileRef = D7C1282A29B0D2C60071383D /* WeatherDTO.swift */; };
		D7C1284929B0D2C60071383D /* WeatherDTO.swift in Sources */ = {isa = PBXBuildFile; fileRef = D7C1282A29B0D2C60071383D /* WeatherDTO.swift */; };
		D7C1284A29B0D2C60071383D /* WeatherDayDTO.swift in Sources */ = {isa = PBXBuildFile; fileRef = D7C1282B29B0D2C60071383D /* WeatherDayDTO.swift */; };
		D7C1284B29B0D2C60071383D /* WeatherDayDTO.swift in Sources */ = {isa = PBXBuildFile; fileRef = D7C1282B29B0D2C60071383D /* WeatherDayDTO.swift */; };
		D7C1284C29B0D2C60071383D /* LocationDTO.swift in Sources */ = {isa = PBXBuildFile; fileRef = D7C1282C29B0D2C60071383D /* LocationDTO.swift */; };
		D7C1284D29B0D2C60071383D /* LocationDTO.swift in Sources */ = {isa = PBXBuildFile; fileRef = D7C1282C29B0D2C60071383D /* LocationDTO.swift */; };
		D7C1284E29B0D2C60071383D /* ConditionDTO.swift in Sources */ = {isa = PBXBuildFile; fileRef = D7C1282D29B0D2C60071383D /* ConditionDTO.swift */; };
		D7C1284F29B0D2C60071383D /* ConditionDTO.swift in Sources */ = {isa = PBXBuildFile; fileRef = D7C1282D29B0D2C60071383D /* ConditionDTO.swift */; };
		D7C1285029B0D2C60071383D /* NetworkRepositoryImpl.swift in Sources */ = {isa = PBXBuildFile; fileRef = D7C1282F29B0D2C60071383D /* NetworkRepositoryImpl.swift */; };
		D7C1285129B0D2C60071383D /* NetworkRepositoryImpl.swift in Sources */ = {isa = PBXBuildFile; fileRef = D7C1282F29B0D2C60071383D /* NetworkRepositoryImpl.swift */; };
		D7C1285229B0D2C60071383D /* NetworkRepository.swift in Sources */ = {isa = PBXBuildFile; fileRef = D7C1283029B0D2C60071383D /* NetworkRepository.swift */; };
		D7C1285329B0D2C60071383D /* NetworkRepository.swift in Sources */ = {isa = PBXBuildFile; fileRef = D7C1283029B0D2C60071383D /* NetworkRepository.swift */; };
		D7C1285429B0D2C60071383D /* WeatherAPI.swift in Sources */ = {isa = PBXBuildFile; fileRef = D7C1283129B0D2C60071383D /* WeatherAPI.swift */; };
		D7C1285529B0D2C60071383D /* WeatherAPI.swift in Sources */ = {isa = PBXBuildFile; fileRef = D7C1283129B0D2C60071383D /* WeatherAPI.swift */; };
		D7C1285629B0D2C60071383D /* NetworkError.swift in Sources */ = {isa = PBXBuildFile; fileRef = D7C1283229B0D2C60071383D /* NetworkError.swift */; };
		D7C1285729B0D2C60071383D /* NetworkError.swift in Sources */ = {isa = PBXBuildFile; fileRef = D7C1283229B0D2C60071383D /* NetworkError.swift */; };
		D7C1285829B0D2C60071383D /* Endpoint.swift in Sources */ = {isa = PBXBuildFile; fileRef = D7C1283329B0D2C60071383D /* Endpoint.swift */; };
		D7C1285929B0D2C60071383D /* Endpoint.swift in Sources */ = {isa = PBXBuildFile; fileRef = D7C1283329B0D2C60071383D /* Endpoint.swift */; };
		D7C1285A29B0D2C60071383D /* DataProvider.swift in Sources */ = {isa = PBXBuildFile; fileRef = D7C1283429B0D2C60071383D /* DataProvider.swift */; };
		D7C1285B29B0D2C60071383D /* DataProvider.swift in Sources */ = {isa = PBXBuildFile; fileRef = D7C1283429B0D2C60071383D /* DataProvider.swift */; };
		D7C1285C29B0D2C60071383D /* ForecastModel.swift in Sources */ = {isa = PBXBuildFile; fileRef = D7C1283729B0D2C60071383D /* ForecastModel.swift */; };
		D7C1285D29B0D2C60071383D /* ForecastModel.swift in Sources */ = {isa = PBXBuildFile; fileRef = D7C1283729B0D2C60071383D /* ForecastModel.swift */; };
		D7C1285E29B0D2C60071383D /* WeatherDayModel.swift in Sources */ = {isa = PBXBuildFile; fileRef = D7C1283829B0D2C60071383D /* WeatherDayModel.swift */; };
		D7C1285F29B0D2C60071383D /* WeatherDayModel.swift in Sources */ = {isa = PBXBuildFile; fileRef = D7C1283829B0D2C60071383D /* WeatherDayModel.swift */; };
		D7C1286029B0D2C60071383D /* ConditionModel.swift in Sources */ = {isa = PBXBuildFile; fileRef = D7C1283929B0D2C60071383D /* ConditionModel.swift */; };
		D7C1286129B0D2C60071383D /* ConditionModel.swift in Sources */ = {isa = PBXBuildFile; fileRef = D7C1283929B0D2C60071383D /* ConditionModel.swift */; };
		D7C1286229B0D2C60071383D /* WeatherModel.swift in Sources */ = {isa = PBXBuildFile; fileRef = D7C1283A29B0D2C60071383D /* WeatherModel.swift */; };
		D7C1286329B0D2C60071383D /* WeatherModel.swift in Sources */ = {isa = PBXBuildFile; fileRef = D7C1283A29B0D2C60071383D /* WeatherModel.swift */; };
		D7C1286429B0D2C60071383D /* LocationModel.swift in Sources */ = {isa = PBXBuildFile; fileRef = D7C1283B29B0D2C60071383D /* LocationModel.swift */; };
		D7C1286529B0D2C60071383D /* LocationModel.swift in Sources */ = {isa = PBXBuildFile; fileRef = D7C1283B29B0D2C60071383D /* LocationModel.swift */; };
		D7C1286629B0D2C60071383D /* WeatherForecastUseCaseImpl.swift in Sources */ = {isa = PBXBuildFile; fileRef = D7C1283D29B0D2C60071383D /* WeatherForecastUseCaseImpl.swift */; };
		D7C1286729B0D2C60071383D /* WeatherForecastUseCaseImpl.swift in Sources */ = {isa = PBXBuildFile; fileRef = D7C1283D29B0D2C60071383D /* WeatherForecastUseCaseImpl.swift */; };
		D7C1286829B0D2C60071383D /* WeatherForecastUseCase.swift in Sources */ = {isa = PBXBuildFile; fileRef = D7C1283E29B0D2C60071383D /* WeatherForecastUseCase.swift */; };
		D7C1286929B0D2C60071383D /* WeatherForecastUseCase.swift in Sources */ = {isa = PBXBuildFile; fileRef = D7C1283E29B0D2C60071383D /* WeatherForecastUseCase.swift */; };
		D7C1286A29B0D2C60071383D /* DomainProvider.swift in Sources */ = {isa = PBXBuildFile; fileRef = D7C1283F29B0D2C60071383D /* DomainProvider.swift */; };
		D7C1286B29B0D2C60071383D /* DomainProvider.swift in Sources */ = {isa = PBXBuildFile; fileRef = D7C1283F29B0D2C60071383D /* DomainProvider.swift */; };
		D7C1286C29B0D2C60071383D /* HomeScreenBuilder.swift in Sources */ = {isa = PBXBuildFile; fileRef = D7C1284129B0D2C60071383D /* HomeScreenBuilder.swift */; };
		D7C1286D29B0D2C60071383D /* HomeScreenBuilder.swift in Sources */ = {isa = PBXBuildFile; fileRef = D7C1284129B0D2C60071383D /* HomeScreenBuilder.swift */; };
		D7C1286E29B0D2C60071383D /* HomeScreenViewModel.swift in Sources */ = {isa = PBXBuildFile; fileRef = D7C1284329B0D2C60071383D /* HomeScreenViewModel.swift */; };
		D7C1286F29B0D2C60071383D /* HomeScreenViewModel.swift in Sources */ = {isa = PBXBuildFile; fileRef = D7C1284329B0D2C60071383D /* HomeScreenViewModel.swift */; };
		D7C1287329B0D9E50071383D /* StorageRepository.swift in Sources */ = {isa = PBXBuildFile; fileRef = D7C1287229B0D9E50071383D /* StorageRepository.swift */; };
		D7C1287429B0D9E50071383D /* StorageRepository.swift in Sources */ = {isa = PBXBuildFile; fileRef = D7C1287229B0D9E50071383D /* StorageRepository.swift */; };
		D7C1287629B0D9F40071383D /* StorageRepositoryImpl.swift in Sources */ = {isa = PBXBuildFile; fileRef = D7C1287529B0D9F40071383D /* StorageRepositoryImpl.swift */; };
		D7C1287729B0D9F40071383D /* StorageRepositoryImpl.swift in Sources */ = {isa = PBXBuildFile; fileRef = D7C1287529B0D9F40071383D /* StorageRepositoryImpl.swift */; };
		D7C1287B29B0DE030071383D /* UserDefaults+ObjectSavable.swift in Sources */ = {isa = PBXBuildFile; fileRef = D7C1287A29B0DE030071383D /* UserDefaults+ObjectSavable.swift */; };
		D7C1287C29B0DE030071383D /* UserDefaults+ObjectSavable.swift in Sources */ = {isa = PBXBuildFile; fileRef = D7C1287A29B0DE030071383D /* UserDefaults+ObjectSavable.swift */; };
		D7C1287F29B0EFFB0071383D /* CellModelProtocol.swift in Sources */ = {isa = PBXBuildFile; fileRef = D7C1287E29B0EFFB0071383D /* CellModelProtocol.swift */; };
		D7C1288029B0EFFB0071383D /* CellModelProtocol.swift in Sources */ = {isa = PBXBuildFile; fileRef = D7C1287E29B0EFFB0071383D /* CellModelProtocol.swift */; };
		D7C1288229B0F1690071383D /* CityCellModel.swift in Sources */ = {isa = PBXBuildFile; fileRef = D7C1288129B0F1690071383D /* CityCellModel.swift */; };
		D7C1288329B0F1690071383D /* CityCellModel.swift in Sources */ = {isa = PBXBuildFile; fileRef = D7C1288129B0F1690071383D /* CityCellModel.swift */; };
		D7C1288529B0F28E0071383D /* ForecastCellModel.swift in Sources */ = {isa = PBXBuildFile; fileRef = D7C1288429B0F28E0071383D /* ForecastCellModel.swift */; };
		D7C1288629B0F28E0071383D /* ForecastCellModel.swift in Sources */ = {isa = PBXBuildFile; fileRef = D7C1288429B0F28E0071383D /* ForecastCellModel.swift */; };
		D7C1288829B0F53B0071383D /* SectionModel.swift in Sources */ = {isa = PBXBuildFile; fileRef = D7C1288729B0F53B0071383D /* SectionModel.swift */; };
		D7C1288929B0F53B0071383D /* SectionModel.swift in Sources */ = {isa = PBXBuildFile; fileRef = D7C1288729B0F53B0071383D /* SectionModel.swift */; };
		D7C2BF6D29CB5FC900420315 /* CoreDataRepository.swift in Sources */ = {isa = PBXBuildFile; fileRef = D7C2BF6C29CB5FC900420315 /* CoreDataRepository.swift */; };
		D7C2BF6E29CB5FC900420315 /* CoreDataRepository.swift in Sources */ = {isa = PBXBuildFile; fileRef = D7C2BF6C29CB5FC900420315 /* CoreDataRepository.swift */; };
		D7C2BF7129CB8C7D00420315 /* ForecastModel.xcdatamodeld in Sources */ = {isa = PBXBuildFile; fileRef = D7C2BF6F29CB8C7D00420315 /* ForecastModel.xcdatamodeld */; };
		D7C2BF7229CB8C7D00420315 /* ForecastModel.xcdatamodeld in Sources */ = {isa = PBXBuildFile; fileRef = D7C2BF6F29CB8C7D00420315 /* ForecastModel.xcdatamodeld */; };
		D7E7D6D729CDC250001AEFBA /* WeatherEntity+CoreDataClass.swift in Sources */ = {isa = PBXBuildFile; fileRef = D7E7D6CB29CDC250001AEFBA /* WeatherEntity+CoreDataClass.swift */; };
		D7E7D6D829CDC250001AEFBA /* WeatherEntity+CoreDataClass.swift in Sources */ = {isa = PBXBuildFile; fileRef = D7E7D6CB29CDC250001AEFBA /* WeatherEntity+CoreDataClass.swift */; };
		D7E7D6D929CDC250001AEFBA /* WeatherEntity+CoreDataProperties.swift in Sources */ = {isa = PBXBuildFile; fileRef = D7E7D6CC29CDC250001AEFBA /* WeatherEntity+CoreDataProperties.swift */; };
		D7E7D6DA29CDC250001AEFBA /* WeatherEntity+CoreDataProperties.swift in Sources */ = {isa = PBXBuildFile; fileRef = D7E7D6CC29CDC250001AEFBA /* WeatherEntity+CoreDataProperties.swift */; };
		D7E7D6DB29CDC250001AEFBA /* ForecastEntity+CoreDataClass.swift in Sources */ = {isa = PBXBuildFile; fileRef = D7E7D6CD29CDC250001AEFBA /* ForecastEntity+CoreDataClass.swift */; };
		D7E7D6DC29CDC250001AEFBA /* ForecastEntity+CoreDataClass.swift in Sources */ = {isa = PBXBuildFile; fileRef = D7E7D6CD29CDC250001AEFBA /* ForecastEntity+CoreDataClass.swift */; };
		D7E7D6DD29CDC250001AEFBA /* ForecastEntity+CoreDataProperties.swift in Sources */ = {isa = PBXBuildFile; fileRef = D7E7D6CE29CDC250001AEFBA /* ForecastEntity+CoreDataProperties.swift */; };
		D7E7D6DE29CDC250001AEFBA /* ForecastEntity+CoreDataProperties.swift in Sources */ = {isa = PBXBuildFile; fileRef = D7E7D6CE29CDC250001AEFBA /* ForecastEntity+CoreDataProperties.swift */; };
		D7E7D6DF29CDC250001AEFBA /* ConditionEntity+CoreDataClass.swift in Sources */ = {isa = PBXBuildFile; fileRef = D7E7D6CF29CDC250001AEFBA /* ConditionEntity+CoreDataClass.swift */; };
		D7E7D6E029CDC250001AEFBA /* ConditionEntity+CoreDataClass.swift in Sources */ = {isa = PBXBuildFile; fileRef = D7E7D6CF29CDC250001AEFBA /* ConditionEntity+CoreDataClass.swift */; };
		D7E7D6E129CDC250001AEFBA /* ConditionEntity+CoreDataProperties.swift in Sources */ = {isa = PBXBuildFile; fileRef = D7E7D6D029CDC250001AEFBA /* ConditionEntity+CoreDataProperties.swift */; };
		D7E7D6E229CDC250001AEFBA /* ConditionEntity+CoreDataProperties.swift in Sources */ = {isa = PBXBuildFile; fileRef = D7E7D6D029CDC250001AEFBA /* ConditionEntity+CoreDataProperties.swift */; };
		D7E7D6E329CDC250001AEFBA /* ForecastDayEntity+CoreDataClass.swift in Sources */ = {isa = PBXBuildFile; fileRef = D7E7D6D129CDC250001AEFBA /* ForecastDayEntity+CoreDataClass.swift */; };
		D7E7D6E429CDC250001AEFBA /* ForecastDayEntity+CoreDataClass.swift in Sources */ = {isa = PBXBuildFile; fileRef = D7E7D6D129CDC250001AEFBA /* ForecastDayEntity+CoreDataClass.swift */; };
		D7E7D6E529CDC250001AEFBA /* ForecastDayEntity+CoreDataProperties.swift in Sources */ = {isa = PBXBuildFile; fileRef = D7E7D6D229CDC250001AEFBA /* ForecastDayEntity+CoreDataProperties.swift */; };
		D7E7D6E629CDC250001AEFBA /* ForecastDayEntity+CoreDataProperties.swift in Sources */ = {isa = PBXBuildFile; fileRef = D7E7D6D229CDC250001AEFBA /* ForecastDayEntity+CoreDataProperties.swift */; };
		D7E7D6E729CDC250001AEFBA /* LocationEntity+CoreDataClass.swift in Sources */ = {isa = PBXBuildFile; fileRef = D7E7D6D329CDC250001AEFBA /* LocationEntity+CoreDataClass.swift */; };
		D7E7D6E829CDC250001AEFBA /* LocationEntity+CoreDataClass.swift in Sources */ = {isa = PBXBuildFile; fileRef = D7E7D6D329CDC250001AEFBA /* LocationEntity+CoreDataClass.swift */; };
		D7E7D6E929CDC250001AEFBA /* LocationEntity+CoreDataProperties.swift in Sources */ = {isa = PBXBuildFile; fileRef = D7E7D6D429CDC250001AEFBA /* LocationEntity+CoreDataProperties.swift */; };
		D7E7D6EA29CDC250001AEFBA /* LocationEntity+CoreDataProperties.swift in Sources */ = {isa = PBXBuildFile; fileRef = D7E7D6D429CDC250001AEFBA /* LocationEntity+CoreDataProperties.swift */; };
		D7E7D6EB29CDC250001AEFBA /* WeatherDayEntity+CoreDataClass.swift in Sources */ = {isa = PBXBuildFile; fileRef = D7E7D6D529CDC250001AEFBA /* WeatherDayEntity+CoreDataClass.swift */; };
		D7E7D6EC29CDC250001AEFBA /* WeatherDayEntity+CoreDataClass.swift in Sources */ = {isa = PBXBuildFile; fileRef = D7E7D6D529CDC250001AEFBA /* WeatherDayEntity+CoreDataClass.swift */; };
		D7E7D6ED29CDC250001AEFBA /* WeatherDayEntity+CoreDataProperties.swift in Sources */ = {isa = PBXBuildFile; fileRef = D7E7D6D629CDC250001AEFBA /* WeatherDayEntity+CoreDataProperties.swift */; };
		D7E7D6EE29CDC250001AEFBA /* WeatherDayEntity+CoreDataProperties.swift in Sources */ = {isa = PBXBuildFile; fileRef = D7E7D6D629CDC250001AEFBA /* WeatherDayEntity+CoreDataProperties.swift */; };
		D7E7D6F129CDCA61001AEFBA /* WeatherEntity+asDTO.swift in Sources */ = {isa = PBXBuildFile; fileRef = D7E7D6F029CDCA61001AEFBA /* WeatherEntity+asDTO.swift */; };
		D7E7D6F229CDCA61001AEFBA /* WeatherEntity+asDTO.swift in Sources */ = {isa = PBXBuildFile; fileRef = D7E7D6F029CDCA61001AEFBA /* WeatherEntity+asDTO.swift */; };
		D7E7D6F429CDCA7F001AEFBA /* WeatherEntity+initFromDTO.swift in Sources */ = {isa = PBXBuildFile; fileRef = D7E7D6F329CDCA7F001AEFBA /* WeatherEntity+initFromDTO.swift */; };
		D7E7D6F529CDCA7F001AEFBA /* WeatherEntity+initFromDTO.swift in Sources */ = {isa = PBXBuildFile; fileRef = D7E7D6F329CDCA7F001AEFBA /* WeatherEntity+initFromDTO.swift */; };
/* End PBXBuildFile section */

/* Begin PBXContainerItemProxy section */
		D7C127D829B09CFF0071383D /* PBXContainerItemProxy */ = {
			isa = PBXContainerItemProxy;
			containerPortal = D7C127B929B09CFD0071383D /* Project object */;
			proxyType = 1;
			remoteGlobalIDString = D7C127C029B09CFD0071383D;
			remoteInfo = WeatherForecast;
		};
		D7C127E229B09CFF0071383D /* PBXContainerItemProxy */ = {
			isa = PBXContainerItemProxy;
			containerPortal = D7C127B929B09CFD0071383D /* Project object */;
			proxyType = 1;
			remoteGlobalIDString = D7C127C029B09CFD0071383D;
			remoteInfo = WeatherForecast;
		};
/* End PBXContainerItemProxy section */

/* Begin PBXFileReference section */
		D7605BB529B105AF002512E9 /* WeatherDataSource.swift */ = {isa = PBXFileReference; lastKnownFileType = sourcecode.swift; path = WeatherDataSource.swift; sourceTree = "<group>"; };
		D7605BB829B10A28002512E9 /* CityCell.swift */ = {isa = PBXFileReference; lastKnownFileType = sourcecode.swift; path = CityCell.swift; sourceTree = "<group>"; };
		D7605BBB29B10B23002512E9 /* ForecastCell.swift */ = {isa = PBXFileReference; lastKnownFileType = sourcecode.swift; path = ForecastCell.swift; sourceTree = "<group>"; };
		D7605BBE29B1153B002512E9 /* UITableView+Register.swift */ = {isa = PBXFileReference; lastKnownFileType = sourcecode.swift; path = "UITableView+Register.swift"; sourceTree = "<group>"; };
		D7605BC129B12016002512E9 /* UseCaseMock.swift */ = {isa = PBXFileReference; lastKnownFileType = sourcecode.swift; path = UseCaseMock.swift; sourceTree = "<group>"; };
		D7605BC329B121BE002512E9 /* WeatherResponce.json */ = {isa = PBXFileReference; lastKnownFileType = text.json; path = WeatherResponce.json; sourceTree = "<group>"; };
		D7605BC529B1220F002512E9 /* JSONData.swift */ = {isa = PBXFileReference; lastKnownFileType = sourcecode.swift; path = JSONData.swift; sourceTree = "<group>"; };
		D7605BC829B15136002512E9 /* Data+distance.swift */ = {isa = PBXFileReference; lastKnownFileType = sourcecode.swift; path = "Data+distance.swift"; sourceTree = "<group>"; };
		D7C127C129B09CFD0071383D /* WeatherForecast.app */ = {isa = PBXFileReference; explicitFileType = wrapper.application; includeInIndex = 0; path = WeatherForecast.app; sourceTree = BUILT_PRODUCTS_DIR; };
		D7C127C429B09CFD0071383D /* AppDelegate.swift */ = {isa = PBXFileReference; lastKnownFileType = sourcecode.swift; path = AppDelegate.swift; sourceTree = "<group>"; };
		D7C127C629B09CFD0071383D /* SceneDelegate.swift */ = {isa = PBXFileReference; lastKnownFileType = sourcecode.swift; path = SceneDelegate.swift; sourceTree = "<group>"; };
		D7C127C829B09CFD0071383D /* ViewController.swift */ = {isa = PBXFileReference; lastKnownFileType = sourcecode.swift; path = ViewController.swift; sourceTree = "<group>"; };
		D7C127CB29B09CFD0071383D /* Base */ = {isa = PBXFileReference; lastKnownFileType = file.storyboard; name = Base; path = Base.lproj/Main.storyboard; sourceTree = "<group>"; };
		D7C127CD29B09CFE0071383D /* Assets.xcassets */ = {isa = PBXFileReference; lastKnownFileType = folder.assetcatalog; path = Assets.xcassets; sourceTree = "<group>"; };
		D7C127D029B09CFE0071383D /* Base */ = {isa = PBXFileReference; lastKnownFileType = file.storyboard; name = Base; path = Base.lproj/LaunchScreen.storyboard; sourceTree = "<group>"; };
		D7C127D229B09CFE0071383D /* Info.plist */ = {isa = PBXFileReference; lastKnownFileType = text.plist.xml; path = Info.plist; sourceTree = "<group>"; };
		D7C127D729B09CFF0071383D /* WeatherForecastTests.xctest */ = {isa = PBXFileReference; explicitFileType = wrapper.cfbundle; includeInIndex = 0; path = WeatherForecastTests.xctest; sourceTree = BUILT_PRODUCTS_DIR; };
		D7C127DB29B09CFF0071383D /* WeatherForecastTests.swift */ = {isa = PBXFileReference; lastKnownFileType = sourcecode.swift; path = WeatherForecastTests.swift; sourceTree = "<group>"; };
		D7C127E129B09CFF0071383D /* WeatherForecastUITests.xctest */ = {isa = PBXFileReference; explicitFileType = wrapper.cfbundle; includeInIndex = 0; path = WeatherForecastUITests.xctest; sourceTree = BUILT_PRODUCTS_DIR; };
		D7C127E529B09CFF0071383D /* WeatherForecastUITests.swift */ = {isa = PBXFileReference; lastKnownFileType = sourcecode.swift; path = WeatherForecastUITests.swift; sourceTree = "<group>"; };
		D7C127E729B09CFF0071383D /* WeatherForecastUITestsLaunchTests.swift */ = {isa = PBXFileReference; lastKnownFileType = sourcecode.swift; path = WeatherForecastUITestsLaunchTests.swift; sourceTree = "<group>"; };
		D7C1282529B0D2C60071383D /* HomeViewController.swift */ = {isa = PBXFileReference; fileEncoding = 4; lastKnownFileType = sourcecode.swift; path = HomeViewController.swift; sourceTree = "<group>"; };
		D7C1282929B0D2C60071383D /* ForecastDTO.swift */ = {isa = PBXFileReference; fileEncoding = 4; lastKnownFileType = sourcecode.swift; path = ForecastDTO.swift; sourceTree = "<group>"; };
		D7C1282A29B0D2C60071383D /* WeatherDTO.swift */ = {isa = PBXFileReference; fileEncoding = 4; lastKnownFileType = sourcecode.swift; path = WeatherDTO.swift; sourceTree = "<group>"; };
		D7C1282B29B0D2C60071383D /* WeatherDayDTO.swift */ = {isa = PBXFileReference; fileEncoding = 4; lastKnownFileType = sourcecode.swift; path = WeatherDayDTO.swift; sourceTree = "<group>"; };
		D7C1282C29B0D2C60071383D /* LocationDTO.swift */ = {isa = PBXFileReference; fileEncoding = 4; lastKnownFileType = sourcecode.swift; path = LocationDTO.swift; sourceTree = "<group>"; };
		D7C1282D29B0D2C60071383D /* ConditionDTO.swift */ = {isa = PBXFileReference; fileEncoding = 4; lastKnownFileType = sourcecode.swift; path = ConditionDTO.swift; sourceTree = "<group>"; };
		D7C1282F29B0D2C60071383D /* NetworkRepositoryImpl.swift */ = {isa = PBXFileReference; fileEncoding = 4; lastKnownFileType = sourcecode.swift; path = NetworkRepositoryImpl.swift; sourceTree = "<group>"; };
		D7C1283029B0D2C60071383D /* NetworkRepository.swift */ = {isa = PBXFileReference; fileEncoding = 4; lastKnownFileType = sourcecode.swift; path = NetworkRepository.swift; sourceTree = "<group>"; };
		D7C1283129B0D2C60071383D /* WeatherAPI.swift */ = {isa = PBXFileReference; fileEncoding = 4; lastKnownFileType = sourcecode.swift; path = WeatherAPI.swift; sourceTree = "<group>"; };
		D7C1283229B0D2C60071383D /* NetworkError.swift */ = {isa = PBXFileReference; fileEncoding = 4; lastKnownFileType = sourcecode.swift; path = NetworkError.swift; sourceTree = "<group>"; };
		D7C1283329B0D2C60071383D /* Endpoint.swift */ = {isa = PBXFileReference; fileEncoding = 4; lastKnownFileType = sourcecode.swift; path = Endpoint.swift; sourceTree = "<group>"; };
		D7C1283429B0D2C60071383D /* DataProvider.swift */ = {isa = PBXFileReference; fileEncoding = 4; lastKnownFileType = sourcecode.swift; path = DataProvider.swift; sourceTree = "<group>"; };
		D7C1283729B0D2C60071383D /* ForecastModel.swift */ = {isa = PBXFileReference; fileEncoding = 4; lastKnownFileType = sourcecode.swift; path = ForecastModel.swift; sourceTree = "<group>"; };
		D7C1283829B0D2C60071383D /* WeatherDayModel.swift */ = {isa = PBXFileReference; fileEncoding = 4; lastKnownFileType = sourcecode.swift; path = WeatherDayModel.swift; sourceTree = "<group>"; };
		D7C1283929B0D2C60071383D /* ConditionModel.swift */ = {isa = PBXFileReference; fileEncoding = 4; lastKnownFileType = sourcecode.swift; path = ConditionModel.swift; sourceTree = "<group>"; };
		D7C1283A29B0D2C60071383D /* WeatherModel.swift */ = {isa = PBXFileReference; fileEncoding = 4; lastKnownFileType = sourcecode.swift; path = WeatherModel.swift; sourceTree = "<group>"; };
		D7C1283B29B0D2C60071383D /* LocationModel.swift */ = {isa = PBXFileReference; fileEncoding = 4; lastKnownFileType = sourcecode.swift; path = LocationModel.swift; sourceTree = "<group>"; };
		D7C1283D29B0D2C60071383D /* WeatherForecastUseCaseImpl.swift */ = {isa = PBXFileReference; fileEncoding = 4; lastKnownFileType = sourcecode.swift; path = WeatherForecastUseCaseImpl.swift; sourceTree = "<group>"; };
		D7C1283E29B0D2C60071383D /* WeatherForecastUseCase.swift */ = {isa = PBXFileReference; fileEncoding = 4; lastKnownFileType = sourcecode.swift; path = WeatherForecastUseCase.swift; sourceTree = "<group>"; };
		D7C1283F29B0D2C60071383D /* DomainProvider.swift */ = {isa = PBXFileReference; fileEncoding = 4; lastKnownFileType = sourcecode.swift; path = DomainProvider.swift; sourceTree = "<group>"; };
		D7C1284129B0D2C60071383D /* HomeScreenBuilder.swift */ = {isa = PBXFileReference; fileEncoding = 4; lastKnownFileType = sourcecode.swift; path = HomeScreenBuilder.swift; sourceTree = "<group>"; };
		D7C1284329B0D2C60071383D /* HomeScreenViewModel.swift */ = {isa = PBXFileReference; fileEncoding = 4; lastKnownFileType = sourcecode.swift; path = HomeScreenViewModel.swift; sourceTree = "<group>"; };
		D7C1287229B0D9E50071383D /* StorageRepository.swift */ = {isa = PBXFileReference; lastKnownFileType = sourcecode.swift; path = StorageRepository.swift; sourceTree = "<group>"; };
		D7C1287529B0D9F40071383D /* StorageRepositoryImpl.swift */ = {isa = PBXFileReference; lastKnownFileType = sourcecode.swift; path = StorageRepositoryImpl.swift; sourceTree = "<group>"; };
		D7C1287A29B0DE030071383D /* UserDefaults+ObjectSavable.swift */ = {isa = PBXFileReference; lastKnownFileType = sourcecode.swift; path = "UserDefaults+ObjectSavable.swift"; sourceTree = "<group>"; };
		D7C1287E29B0EFFB0071383D /* CellModelProtocol.swift */ = {isa = PBXFileReference; lastKnownFileType = sourcecode.swift; path = CellModelProtocol.swift; sourceTree = "<group>"; };
		D7C1288129B0F1690071383D /* CityCellModel.swift */ = {isa = PBXFileReference; lastKnownFileType = sourcecode.swift; path = CityCellModel.swift; sourceTree = "<group>"; };
		D7C1288429B0F28E0071383D /* ForecastCellModel.swift */ = {isa = PBXFileReference; lastKnownFileType = sourcecode.swift; path = ForecastCellModel.swift; sourceTree = "<group>"; };
		D7C1288729B0F53B0071383D /* SectionModel.swift */ = {isa = PBXFileReference; lastKnownFileType = sourcecode.swift; path = SectionModel.swift; sourceTree = "<group>"; };
		D7C2BF6C29CB5FC900420315 /* CoreDataRepository.swift */ = {isa = PBXFileReference; lastKnownFileType = sourcecode.swift; path = CoreDataRepository.swift; sourceTree = "<group>"; };
		D7C2BF7029CB8C7D00420315 /* ForecastModel.xcdatamodel */ = {isa = PBXFileReference; lastKnownFileType = wrapper.xcdatamodel; path = ForecastModel.xcdatamodel; sourceTree = "<group>"; };
		D7E7D6CB29CDC250001AEFBA /* WeatherEntity+CoreDataClass.swift */ = {isa = PBXFileReference; lastKnownFileType = sourcecode.swift; path = "WeatherEntity+CoreDataClass.swift"; sourceTree = "<group>"; };
		D7E7D6CC29CDC250001AEFBA /* WeatherEntity+CoreDataProperties.swift */ = {isa = PBXFileReference; lastKnownFileType = sourcecode.swift; path = "WeatherEntity+CoreDataProperties.swift"; sourceTree = "<group>"; };
		D7E7D6CD29CDC250001AEFBA /* ForecastEntity+CoreDataClass.swift */ = {isa = PBXFileReference; lastKnownFileType = sourcecode.swift; path = "ForecastEntity+CoreDataClass.swift"; sourceTree = "<group>"; };
		D7E7D6CE29CDC250001AEFBA /* ForecastEntity+CoreDataProperties.swift */ = {isa = PBXFileReference; lastKnownFileType = sourcecode.swift; path = "ForecastEntity+CoreDataProperties.swift"; sourceTree = "<group>"; };
		D7E7D6CF29CDC250001AEFBA /* ConditionEntity+CoreDataClass.swift */ = {isa = PBXFileReference; lastKnownFileType = sourcecode.swift; path = "ConditionEntity+CoreDataClass.swift"; sourceTree = "<group>"; };
		D7E7D6D029CDC250001AEFBA /* ConditionEntity+CoreDataProperties.swift */ = {isa = PBXFileReference; lastKnownFileType = sourcecode.swift; path = "ConditionEntity+CoreDataProperties.swift"; sourceTree = "<group>"; };
		D7E7D6D129CDC250001AEFBA /* ForecastDayEntity+CoreDataClass.swift */ = {isa = PBXFileReference; lastKnownFileType = sourcecode.swift; path = "ForecastDayEntity+CoreDataClass.swift"; sourceTree = "<group>"; };
		D7E7D6D229CDC250001AEFBA /* ForecastDayEntity+CoreDataProperties.swift */ = {isa = PBXFileReference; lastKnownFileType = sourcecode.swift; path = "ForecastDayEntity+CoreDataProperties.swift"; sourceTree = "<group>"; };
		D7E7D6D329CDC250001AEFBA /* LocationEntity+CoreDataClass.swift */ = {isa = PBXFileReference; lastKnownFileType = sourcecode.swift; path = "LocationEntity+CoreDataClass.swift"; sourceTree = "<group>"; };
		D7E7D6D429CDC250001AEFBA /* LocationEntity+CoreDataProperties.swift */ = {isa = PBXFileReference; lastKnownFileType = sourcecode.swift; path = "LocationEntity+CoreDataProperties.swift"; sourceTree = "<group>"; };
		D7E7D6D529CDC250001AEFBA /* WeatherDayEntity+CoreDataClass.swift */ = {isa = PBXFileReference; lastKnownFileType = sourcecode.swift; path = "WeatherDayEntity+CoreDataClass.swift"; sourceTree = "<group>"; };
		D7E7D6D629CDC250001AEFBA /* WeatherDayEntity+CoreDataProperties.swift */ = {isa = PBXFileReference; lastKnownFileType = sourcecode.swift; path = "WeatherDayEntity+CoreDataProperties.swift"; sourceTree = "<group>"; };
		D7E7D6F029CDCA61001AEFBA /* WeatherEntity+asDTO.swift */ = {isa = PBXFileReference; lastKnownFileType = sourcecode.swift; path = "WeatherEntity+asDTO.swift"; sourceTree = "<group>"; };
		D7E7D6F329CDCA7F001AEFBA /* WeatherEntity+initFromDTO.swift */ = {isa = PBXFileReference; lastKnownFileType = sourcecode.swift; path = "WeatherEntity+initFromDTO.swift"; sourceTree = "<group>"; };
/* End PBXFileReference section */

/* Begin PBXFrameworksBuildPhase section */
		D7C127BE29B09CFD0071383D /* Frameworks */ = {
			isa = PBXFrameworksBuildPhase;
			buildActionMask = 2147483647;
			files = (
			);
			runOnlyForDeploymentPostprocessing = 0;
		};
		D7C127D429B09CFF0071383D /* Frameworks */ = {
			isa = PBXFrameworksBuildPhase;
			buildActionMask = 2147483647;
			files = (
			);
			runOnlyForDeploymentPostprocessing = 0;
		};
		D7C127DE29B09CFF0071383D /* Frameworks */ = {
			isa = PBXFrameworksBuildPhase;
			buildActionMask = 2147483647;
			files = (
			);
			runOnlyForDeploymentPostprocessing = 0;
		};
/* End PBXFrameworksBuildPhase section */

/* Begin PBXGroup section */
		D7C127B829B09CFD0071383D = {
			isa = PBXGroup;
			children = (
				D7C127C329B09CFD0071383D /* WeatherForecast */,
				D7C127DA29B09CFF0071383D /* WeatherForecastTests */,
				D7C127E429B09CFF0071383D /* WeatherForecastUITests */,
				D7C127C229B09CFD0071383D /* Products */,
			);
			sourceTree = "<group>";
		};
		D7C127C229B09CFD0071383D /* Products */ = {
			isa = PBXGroup;
			children = (
				D7C127C129B09CFD0071383D /* WeatherForecast.app */,
				D7C127D729B09CFF0071383D /* WeatherForecastTests.xctest */,
				D7C127E129B09CFF0071383D /* WeatherForecastUITests.xctest */,
			);
			name = Products;
			sourceTree = "<group>";
		};
		D7C127C329B09CFD0071383D /* WeatherForecast */ = {
			isa = PBXGroup;
			children = (
				D7C1287829B0DD9B0071383D /* Utils */,
				D7C1287029B0D9B20071383D /* Storage */,
				D7C127F429B0ADB20071383D /* Main */,
				D7C1282029B0D2C60071383D /* Scenes */,
				D7C1282629B0D2C60071383D /* Networking */,
				D7C127C829B09CFD0071383D /* ViewController.swift */,
				D7C127CA29B09CFD0071383D /* Main.storyboard */,
				D7C127CD29B09CFE0071383D /* Assets.xcassets */,
				D7C127CF29B09CFE0071383D /* LaunchScreen.storyboard */,
				D7C127D229B09CFE0071383D /* Info.plist */,
			);
			path = WeatherForecast;
			sourceTree = "<group>";
		};
		D7C127DA29B09CFF0071383D /* WeatherForecastTests */ = {
			isa = PBXGroup;
			children = (
				D7C127DB29B09CFF0071383D /* WeatherForecastTests.swift */,
				D7605BC129B12016002512E9 /* UseCaseMock.swift */,
				D7605BC329B121BE002512E9 /* WeatherResponce.json */,
			);
			path = WeatherForecastTests;
			sourceTree = "<group>";
		};
		D7C127E429B09CFF0071383D /* WeatherForecastUITests */ = {
			isa = PBXGroup;
			children = (
				D7C127E529B09CFF0071383D /* WeatherForecastUITests.swift */,
				D7C127E729B09CFF0071383D /* WeatherForecastUITestsLaunchTests.swift */,
			);
			path = WeatherForecastUITests;
			sourceTree = "<group>";
		};
		D7C127F429B0ADB20071383D /* Main */ = {
			isa = PBXGroup;
			children = (
				D7C127C429B09CFD0071383D /* AppDelegate.swift */,
				D7C127C629B09CFD0071383D /* SceneDelegate.swift */,
			);
			path = Main;
			sourceTree = "<group>";
		};
		D7C1282029B0D2C60071383D /* Scenes */ = {
			isa = PBXGroup;
			children = (
				D7C1282129B0D2C60071383D /* HomeScreen */,
			);
			path = Scenes;
			sourceTree = "<group>";
		};
		D7C1282129B0D2C60071383D /* HomeScreen */ = {
			isa = PBXGroup;
			children = (
				D7C1282229B0D2C60071383D /* UI */,
				D7C1284029B0D2C60071383D /* Builder */,
			);
			path = HomeScreen;
			sourceTree = "<group>";
		};
		D7C1282229B0D2C60071383D /* UI */ = {
			isa = PBXGroup;
			children = (
				D7C1287D29B0EF160071383D /* Models */,
				D7C1282329B0D2C60071383D /* Cells */,
				D7C1282429B0D2C60071383D /* Controllers */,
				D7C1284229B0D2C60071383D /* Presentation */,
			);
			path = UI;
			sourceTree = "<group>";
		};
		D7C1282329B0D2C60071383D /* Cells */ = {
			isa = PBXGroup;
			children = (
				D7605BB829B10A28002512E9 /* CityCell.swift */,
				D7605BBB29B10B23002512E9 /* ForecastCell.swift */,
			);
			path = Cells;
			sourceTree = "<group>";
		};
		D7C1282429B0D2C60071383D /* Controllers */ = {
			isa = PBXGroup;
			children = (
				D7C1282529B0D2C60071383D /* HomeViewController.swift */,
			);
			path = Controllers;
			sourceTree = "<group>";
		};
		D7C1282629B0D2C60071383D /* Networking */ = {
			isa = PBXGroup;
			children = (
				D7C1282729B0D2C60071383D /* Data */,
				D7C1283529B0D2C60071383D /* Domain */,
			);
			path = Networking;
			sourceTree = "<group>";
		};
		D7C1282729B0D2C60071383D /* Data */ = {
			isa = PBXGroup;
			children = (
				D7C1282829B0D2C60071383D /* DTO */,
				D7C1282E29B0D2C60071383D /* Repository */,
				D7C1283429B0D2C60071383D /* DataProvider.swift */,
			);
			path = Data;
			sourceTree = "<group>";
		};
		D7C1282829B0D2C60071383D /* DTO */ = {
			isa = PBXGroup;
			children = (
				D7C1282929B0D2C60071383D /* ForecastDTO.swift */,
				D7C1282A29B0D2C60071383D /* WeatherDTO.swift */,
				D7C1282B29B0D2C60071383D /* WeatherDayDTO.swift */,
				D7C1282C29B0D2C60071383D /* LocationDTO.swift */,
				D7C1282D29B0D2C60071383D /* ConditionDTO.swift */,
			);
			path = DTO;
			sourceTree = "<group>";
		};
		D7C1282E29B0D2C60071383D /* Repository */ = {
			isa = PBXGroup;
			children = (
				D7C1282F29B0D2C60071383D /* NetworkRepositoryImpl.swift */,
				D7C1283029B0D2C60071383D /* NetworkRepository.swift */,
				D7C1283129B0D2C60071383D /* WeatherAPI.swift */,
				D7C1283229B0D2C60071383D /* NetworkError.swift */,
				D7C1283329B0D2C60071383D /* Endpoint.swift */,
			);
			path = Repository;
			sourceTree = "<group>";
		};
		D7C1283529B0D2C60071383D /* Domain */ = {
			isa = PBXGroup;
			children = (
				D7C1283629B0D2C60071383D /* Models */,
				D7C1283C29B0D2C60071383D /* UseCases */,
				D7C1283F29B0D2C60071383D /* DomainProvider.swift */,
			);
			path = Domain;
			sourceTree = "<group>";
		};
		D7C1283629B0D2C60071383D /* Models */ = {
			isa = PBXGroup;
			children = (
				D7C1283729B0D2C60071383D /* ForecastModel.swift */,
				D7C1283829B0D2C60071383D /* WeatherDayModel.swift */,
				D7C1283929B0D2C60071383D /* ConditionModel.swift */,
				D7C1283A29B0D2C60071383D /* WeatherModel.swift */,
				D7C1283B29B0D2C60071383D /* LocationModel.swift */,
			);
			path = Models;
			sourceTree = "<group>";
		};
		D7C1283C29B0D2C60071383D /* UseCases */ = {
			isa = PBXGroup;
			children = (
				D7C1283D29B0D2C60071383D /* WeatherForecastUseCaseImpl.swift */,
				D7C1283E29B0D2C60071383D /* WeatherForecastUseCase.swift */,
			);
			path = UseCases;
			sourceTree = "<group>";
		};
		D7C1284029B0D2C60071383D /* Builder */ = {
			isa = PBXGroup;
			children = (
				D7C1284129B0D2C60071383D /* HomeScreenBuilder.swift */,
			);
			path = Builder;
			sourceTree = "<group>";
		};
		D7C1284229B0D2C60071383D /* Presentation */ = {
			isa = PBXGroup;
			children = (
				D7C1284329B0D2C60071383D /* HomeScreenViewModel.swift */,
			);
			path = Presentation;
			sourceTree = "<group>";
		};
		D7C1287029B0D9B20071383D /* Storage */ = {
			isa = PBXGroup;
			children = (
				D7C1287229B0D9E50071383D /* StorageRepository.swift */,
				D7C2BF7329CCA08E00420315 /* CoreDataRepository */,
				D7C1287129B0D9CD0071383D /* UserDefaultsRepository */,
			);
			path = Storage;
			sourceTree = "<group>";
		};
		D7C1287129B0D9CD0071383D /* UserDefaultsRepository */ = {
			isa = PBXGroup;
			children = (
				D7C1287529B0D9F40071383D /* StorageRepositoryImpl.swift */,
			);
			path = UserDefaultsRepository;
			sourceTree = "<group>";
		};
		D7C1287829B0DD9B0071383D /* Utils */ = {
			isa = PBXGroup;
			children = (
				D7C1287929B0DDA50071383D /* Extensions */,
			);
			path = Utils;
			sourceTree = "<group>";
		};
		D7C1287929B0DDA50071383D /* Extensions */ = {
			isa = PBXGroup;
			children = (
				D7C1287A29B0DE030071383D /* UserDefaults+ObjectSavable.swift */,
				D7605BBE29B1153B002512E9 /* UITableView+Register.swift */,
				D7605BC529B1220F002512E9 /* JSONData.swift */,
				D7605BC829B15136002512E9 /* Data+distance.swift */,
			);
			path = Extensions;
			sourceTree = "<group>";
		};
		D7C1287D29B0EF160071383D /* Models */ = {
			isa = PBXGroup;
			children = (
				D7C1287E29B0EFFB0071383D /* CellModelProtocol.swift */,
				D7C1288129B0F1690071383D /* CityCellModel.swift */,
				D7C1288429B0F28E0071383D /* ForecastCellModel.swift */,
				D7C1288729B0F53B0071383D /* SectionModel.swift */,
				D7605BB529B105AF002512E9 /* WeatherDataSource.swift */,
			);
			path = Models;
			sourceTree = "<group>";
		};
		D7C2BF7329CCA08E00420315 /* CoreDataRepository */ = {
			isa = PBXGroup;
			children = (
				D7E7D6EF29CDCA31001AEFBA /* Mappers */,
				D7C2BF7429CCA0B300420315 /* Models */,
				D7C2BF6F29CB8C7D00420315 /* ForecastModel.xcdatamodeld */,
				D7C2BF6C29CB5FC900420315 /* CoreDataRepository.swift */,
			);
			path = CoreDataRepository;
			sourceTree = "<group>";
		};
		D7C2BF7429CCA0B300420315 /* Models */ = {
			isa = PBXGroup;
			children = (
				D7E7D6CB29CDC250001AEFBA /* WeatherEntity+CoreDataClass.swift */,
				D7E7D6CC29CDC250001AEFBA /* WeatherEntity+CoreDataProperties.swift */,
				D7E7D6CD29CDC250001AEFBA /* ForecastEntity+CoreDataClass.swift */,
				D7E7D6CE29CDC250001AEFBA /* ForecastEntity+CoreDataProperties.swift */,
				D7E7D6CF29CDC250001AEFBA /* ConditionEntity+CoreDataClass.swift */,
				D7E7D6D029CDC250001AEFBA /* ConditionEntity+CoreDataProperties.swift */,
				D7E7D6D129CDC250001AEFBA /* ForecastDayEntity+CoreDataClass.swift */,
				D7E7D6D229CDC250001AEFBA /* ForecastDayEntity+CoreDataProperties.swift */,
				D7E7D6D329CDC250001AEFBA /* LocationEntity+CoreDataClass.swift */,
				D7E7D6D429CDC250001AEFBA /* LocationEntity+CoreDataProperties.swift */,
				D7E7D6D529CDC250001AEFBA /* WeatherDayEntity+CoreDataClass.swift */,
				D7E7D6D629CDC250001AEFBA /* WeatherDayEntity+CoreDataProperties.swift */,
			);
			path = Models;
			sourceTree = "<group>";
		};
		D7E7D6EF29CDCA31001AEFBA /* Mappers */ = {
			isa = PBXGroup;
			children = (
				D7E7D6F029CDCA61001AEFBA /* WeatherEntity+asDTO.swift */,
				D7E7D6F329CDCA7F001AEFBA /* WeatherEntity+initFromDTO.swift */,
			);
			path = Mappers;
			sourceTree = "<group>";
		};
/* End PBXGroup section */

/* Begin PBXNativeTarget section */
		D7C127C029B09CFD0071383D /* WeatherForecast */ = {
			isa = PBXNativeTarget;
			buildConfigurationList = D7C127EB29B09CFF0071383D /* Build configuration list for PBXNativeTarget "WeatherForecast" */;
			buildPhases = (
				D7C127BD29B09CFD0071383D /* Sources */,
				D7C127BE29B09CFD0071383D /* Frameworks */,
				D7C127BF29B09CFD0071383D /* Resources */,
			);
			buildRules = (
			);
			dependencies = (
			);
			name = WeatherForecast;
			productName = WeatherForecast;
			productReference = D7C127C129B09CFD0071383D /* WeatherForecast.app */;
			productType = "com.apple.product-type.application";
		};
		D7C127D629B09CFF0071383D /* WeatherForecastTests */ = {
			isa = PBXNativeTarget;
			buildConfigurationList = D7C127EE29B09CFF0071383D /* Build configuration list for PBXNativeTarget "WeatherForecastTests" */;
			buildPhases = (
				D7C127D329B09CFF0071383D /* Sources */,
				D7C127D429B09CFF0071383D /* Frameworks */,
				D7C127D529B09CFF0071383D /* Resources */,
			);
			buildRules = (
			);
			dependencies = (
				D7C127D929B09CFF0071383D /* PBXTargetDependency */,
			);
			name = WeatherForecastTests;
			productName = WeatherForecastTests;
			productReference = D7C127D729B09CFF0071383D /* WeatherForecastTests.xctest */;
			productType = "com.apple.product-type.bundle.unit-test";
		};
		D7C127E029B09CFF0071383D /* WeatherForecastUITests */ = {
			isa = PBXNativeTarget;
			buildConfigurationList = D7C127F129B09CFF0071383D /* Build configuration list for PBXNativeTarget "WeatherForecastUITests" */;
			buildPhases = (
				D7C127DD29B09CFF0071383D /* Sources */,
				D7C127DE29B09CFF0071383D /* Frameworks */,
				D7C127DF29B09CFF0071383D /* Resources */,
			);
			buildRules = (
			);
			dependencies = (
				D7C127E329B09CFF0071383D /* PBXTargetDependency */,
			);
			name = WeatherForecastUITests;
			productName = WeatherForecastUITests;
			productReference = D7C127E129B09CFF0071383D /* WeatherForecastUITests.xctest */;
			productType = "com.apple.product-type.bundle.ui-testing";
		};
/* End PBXNativeTarget section */

/* Begin PBXProject section */
		D7C127B929B09CFD0071383D /* Project object */ = {
			isa = PBXProject;
			attributes = {
				BuildIndependentTargetsInParallel = 1;
				LastSwiftUpdateCheck = 1400;
				LastUpgradeCheck = 1400;
				TargetAttributes = {
					D7C127C029B09CFD0071383D = {
						CreatedOnToolsVersion = 14.0;
					};
					D7C127D629B09CFF0071383D = {
						CreatedOnToolsVersion = 14.0;
						TestTargetID = D7C127C029B09CFD0071383D;
					};
					D7C127E029B09CFF0071383D = {
						CreatedOnToolsVersion = 14.0;
						TestTargetID = D7C127C029B09CFD0071383D;
					};
				};
			};
			buildConfigurationList = D7C127BC29B09CFD0071383D /* Build configuration list for PBXProject "WeatherForecast" */;
			compatibilityVersion = "Xcode 14.0";
			developmentRegion = en;
			hasScannedForEncodings = 0;
			knownRegions = (
				en,
				Base,
			);
			mainGroup = D7C127B829B09CFD0071383D;
			productRefGroup = D7C127C229B09CFD0071383D /* Products */;
			projectDirPath = "";
			projectRoot = "";
			targets = (
				D7C127C029B09CFD0071383D /* WeatherForecast */,
				D7C127D629B09CFF0071383D /* WeatherForecastTests */,
				D7C127E029B09CFF0071383D /* WeatherForecastUITests */,
			);
		};
/* End PBXProject section */

/* Begin PBXResourcesBuildPhase section */
		D7C127BF29B09CFD0071383D /* Resources */ = {
			isa = PBXResourcesBuildPhase;
			buildActionMask = 2147483647;
			files = (
				D7C127D129B09CFE0071383D /* LaunchScreen.storyboard in Resources */,
				D7C127CE29B09CFE0071383D /* Assets.xcassets in Resources */,
				D7C127CC29B09CFD0071383D /* Main.storyboard in Resources */,
			);
			runOnlyForDeploymentPostprocessing = 0;
		};
		D7C127D529B09CFF0071383D /* Resources */ = {
			isa = PBXResourcesBuildPhase;
			buildActionMask = 2147483647;
			files = (
				D7605BC429B121BE002512E9 /* WeatherResponce.json in Resources */,
			);
			runOnlyForDeploymentPostprocessing = 0;
		};
		D7C127DF29B09CFF0071383D /* Resources */ = {
			isa = PBXResourcesBuildPhase;
			buildActionMask = 2147483647;
			files = (
			);
			runOnlyForDeploymentPostprocessing = 0;
		};
/* End PBXResourcesBuildPhase section */

/* Begin PBXSourcesBuildPhase section */
		D7C127BD29B09CFD0071383D /* Sources */ = {
			isa = PBXSourcesBuildPhase;
			buildActionMask = 2147483647;
			files = (
				D7C1285829B0D2C60071383D /* Endpoint.swift in Sources */,
				D7C1285029B0D2C60071383D /* NetworkRepositoryImpl.swift in Sources */,
				D7C1288229B0F1690071383D /* CityCellModel.swift in Sources */,
				D7C127C929B09CFD0071383D /* ViewController.swift in Sources */,
				D7C1284629B0D2C60071383D /* ForecastDTO.swift in Sources */,
				D7C1288529B0F28E0071383D /* ForecastCellModel.swift in Sources */,
				D7E7D6DF29CDC250001AEFBA /* ConditionEntity+CoreDataClass.swift in Sources */,
				D7C1286E29B0D2C60071383D /* HomeScreenViewModel.swift in Sources */,
				D7C127C529B09CFD0071383D /* AppDelegate.swift in Sources */,
				D7C127C729B09CFD0071383D /* SceneDelegate.swift in Sources */,
				D7C1286A29B0D2C60071383D /* DomainProvider.swift in Sources */,
				D7C1285C29B0D2C60071383D /* ForecastModel.swift in Sources */,
				D7C1284C29B0D2C60071383D /* LocationDTO.swift in Sources */,
				D7E7D6E329CDC250001AEFBA /* ForecastDayEntity+CoreDataClass.swift in Sources */,
				D7605BC629B1220F002512E9 /* JSONData.swift in Sources */,
				D7C1286429B0D2C60071383D /* LocationModel.swift in Sources */,
				D7E7D6D729CDC250001AEFBA /* WeatherEntity+CoreDataClass.swift in Sources */,
				D7C1287F29B0EFFB0071383D /* CellModelProtocol.swift in Sources */,
				D7E7D6E529CDC250001AEFBA /* ForecastDayEntity+CoreDataProperties.swift in Sources */,
				D7C1286829B0D2C60071383D /* WeatherForecastUseCase.swift in Sources */,
				D7C1285229B0D2C60071383D /* NetworkRepository.swift in Sources */,
				D7C1285E29B0D2C60071383D /* WeatherDayModel.swift in Sources */,
				D7E7D6E729CDC250001AEFBA /* LocationEntity+CoreDataClass.swift in Sources */,
				D7C2BF7129CB8C7D00420315 /* ForecastModel.xcdatamodeld in Sources */,
				D7C1284829B0D2C60071383D /* WeatherDTO.swift in Sources */,
				D7E7D6E929CDC250001AEFBA /* LocationEntity+CoreDataProperties.swift in Sources */,
				D7E7D6D929CDC250001AEFBA /* WeatherEntity+CoreDataProperties.swift in Sources */,
				D7605BBF29B1153B002512E9 /* UITableView+Register.swift in Sources */,
				D7C1286629B0D2C60071383D /* WeatherForecastUseCaseImpl.swift in Sources */,
				D7C1288829B0F53B0071383D /* SectionModel.swift in Sources */,
				D7C1286229B0D2C60071383D /* WeatherModel.swift in Sources */,
				D7C1284429B0D2C60071383D /* HomeViewController.swift in Sources */,
				D7C1287629B0D9F40071383D /* StorageRepositoryImpl.swift in Sources */,
				D7C1285429B0D2C60071383D /* WeatherAPI.swift in Sources */,
				D7E7D6DB29CDC250001AEFBA /* ForecastEntity+CoreDataClass.swift in Sources */,
				D7C1286C29B0D2C60071383D /* HomeScreenBuilder.swift in Sources */,
				D7605BBC29B10B23002512E9 /* ForecastCell.swift in Sources */,
				D7C2BF6D29CB5FC900420315 /* CoreDataRepository.swift in Sources */,
				D7C1285629B0D2C60071383D /* NetworkError.swift in Sources */,
				D7C1285A29B0D2C60071383D /* DataProvider.swift in Sources */,
				D7E7D6F129CDCA61001AEFBA /* WeatherEntity+asDTO.swift in Sources */,
				D7C1286029B0D2C60071383D /* ConditionModel.swift in Sources */,
				D7605BB929B10A28002512E9 /* CityCell.swift in Sources */,
				D7605BC929B15136002512E9 /* Data+distance.swift in Sources */,
				D7C1287B29B0DE030071383D /* UserDefaults+ObjectSavable.swift in Sources */,
				D7E7D6E129CDC250001AEFBA /* ConditionEntity+CoreDataProperties.swift in Sources */,
				D7E7D6EB29CDC250001AEFBA /* WeatherDayEntity+CoreDataClass.swift in Sources */,
				D7E7D6F429CDCA7F001AEFBA /* WeatherEntity+initFromDTO.swift in Sources */,
				D7C1287329B0D9E50071383D /* StorageRepository.swift in Sources */,
				D7C1284A29B0D2C60071383D /* WeatherDayDTO.swift in Sources */,
				D7E7D6DD29CDC250001AEFBA /* ForecastEntity+CoreDataProperties.swift in Sources */,
				D7C1284E29B0D2C60071383D /* ConditionDTO.swift in Sources */,
				D7E7D6ED29CDC250001AEFBA /* WeatherDayEntity+CoreDataProperties.swift in Sources */,
				D7605BB629B105AF002512E9 /* WeatherDataSource.swift in Sources */,
			);
			runOnlyForDeploymentPostprocessing = 0;
		};
		D7C127D329B09CFF0071383D /* Sources */ = {
			isa = PBXSourcesBuildPhase;
			buildActionMask = 2147483647;
			files = (
				D7C1288329B0F1690071383D /* CityCellModel.swift in Sources */,
				D7C2BF7229CB8C7D00420315 /* ForecastModel.xcdatamodeld in Sources */,
				D7C1288629B0F28E0071383D /* ForecastCellModel.swift in Sources */,
				D7605BBA29B10A28002512E9 /* CityCell.swift in Sources */,
				D7C1285329B0D2C60071383D /* NetworkRepository.swift in Sources */,
				D7C1284D29B0D2C60071383D /* LocationDTO.swift in Sources */,
				D7E7D6E029CDC250001AEFBA /* ConditionEntity+CoreDataClass.swift in Sources */,
				D7C1284B29B0D2C60071383D /* WeatherDayDTO.swift in Sources */,
				D7C1285129B0D2C60071383D /* NetworkRepositoryImpl.swift in Sources */,
				D7C1286529B0D2C60071383D /* LocationModel.swift in Sources */,
				D7605BC029B1153B002512E9 /* UITableView+Register.swift in Sources */,
				D7C1284729B0D2C60071383D /* ForecastDTO.swift in Sources */,
				D7605BCA29B15136002512E9 /* Data+distance.swift in Sources */,
				D7C1287C29B0DE030071383D /* UserDefaults+ObjectSavable.swift in Sources */,
				D7C127DC29B09CFF0071383D /* WeatherForecastTests.swift in Sources */,
				D7C1285F29B0D2C60071383D /* WeatherDayModel.swift in Sources */,
				D7C1286729B0D2C60071383D /* WeatherForecastUseCaseImpl.swift in Sources */,
				D7605BBD29B10B23002512E9 /* ForecastCell.swift in Sources */,
				D7C1286129B0D2C60071383D /* ConditionModel.swift in Sources */,
				D7C1285D29B0D2C60071383D /* ForecastModel.swift in Sources */,
				D7605BC729B1220F002512E9 /* JSONData.swift in Sources */,
				D7605BB729B105AF002512E9 /* WeatherDataSource.swift in Sources */,
				D7E7D6EE29CDC250001AEFBA /* WeatherDayEntity+CoreDataProperties.swift in Sources */,
				D7E7D6E629CDC250001AEFBA /* ForecastDayEntity+CoreDataProperties.swift in Sources */,
				D7C1284929B0D2C60071383D /* WeatherDTO.swift in Sources */,
				D7C1285529B0D2C60071383D /* WeatherAPI.swift in Sources */,
				D7E7D6F529CDCA7F001AEFBA /* WeatherEntity+initFromDTO.swift in Sources */,
				D7C1284529B0D2C60071383D /* HomeViewController.swift in Sources */,
				D7E7D6F229CDCA61001AEFBA /* WeatherEntity+asDTO.swift in Sources */,
				D7C1285729B0D2C60071383D /* NetworkError.swift in Sources */,
				D7E7D6E429CDC250001AEFBA /* ForecastDayEntity+CoreDataClass.swift in Sources */,
				D7E7D6DC29CDC250001AEFBA /* ForecastEntity+CoreDataClass.swift in Sources */,
				D7C1288029B0EFFB0071383D /* CellModelProtocol.swift in Sources */,
				D7C1287429B0D9E50071383D /* StorageRepository.swift in Sources */,
				D7E7D6EA29CDC250001AEFBA /* LocationEntity+CoreDataProperties.swift in Sources */,
				D7E7D6EC29CDC250001AEFBA /* WeatherDayEntity+CoreDataClass.swift in Sources */,
				D7C1285929B0D2C60071383D /* Endpoint.swift in Sources */,
				D7C1286B29B0D2C60071383D /* DomainProvider.swift in Sources */,
				D7605BC229B12016002512E9 /* UseCaseMock.swift in Sources */,
				D7E7D6DA29CDC250001AEFBA /* WeatherEntity+CoreDataProperties.swift in Sources */,
				D7E7D6E829CDC250001AEFBA /* LocationEntity+CoreDataClass.swift in Sources */,
				D7C1286329B0D2C60071383D /* WeatherModel.swift in Sources */,
				D7C1288929B0F53B0071383D /* SectionModel.swift in Sources */,
				D7C1286D29B0D2C60071383D /* HomeScreenBuilder.swift in Sources */,
				D7C2BF6E29CB5FC900420315 /* CoreDataRepository.swift in Sources */,
				D7C1287729B0D9F40071383D /* StorageRepositoryImpl.swift in Sources */,
				D7E7D6DE29CDC250001AEFBA /* ForecastEntity+CoreDataProperties.swift in Sources */,
				D7C1284F29B0D2C60071383D /* ConditionDTO.swift in Sources */,
				D7C1286F29B0D2C60071383D /* HomeScreenViewModel.swift in Sources */,
				D7C1285B29B0D2C60071383D /* DataProvider.swift in Sources */,
				D7C1286929B0D2C60071383D /* WeatherForecastUseCase.swift in Sources */,
				D7E7D6D829CDC250001AEFBA /* WeatherEntity+CoreDataClass.swift in Sources */,
				D7E7D6E229CDC250001AEFBA /* ConditionEntity+CoreDataProperties.swift in Sources */,
			);
			runOnlyForDeploymentPostprocessing = 0;
		};
		D7C127DD29B09CFF0071383D /* Sources */ = {
			isa = PBXSourcesBuildPhase;
			buildActionMask = 2147483647;
			files = (
				D7C127E829B09CFF0071383D /* WeatherForecastUITestsLaunchTests.swift in Sources */,
				D7C127E629B09CFF0071383D /* WeatherForecastUITests.swift in Sources */,
			);
			runOnlyForDeploymentPostprocessing = 0;
		};
/* End PBXSourcesBuildPhase section */

/* Begin PBXTargetDependency section */
		D7C127D929B09CFF0071383D /* PBXTargetDependency */ = {
			isa = PBXTargetDependency;
			target = D7C127C029B09CFD0071383D /* WeatherForecast */;
			targetProxy = D7C127D829B09CFF0071383D /* PBXContainerItemProxy */;
		};
		D7C127E329B09CFF0071383D /* PBXTargetDependency */ = {
			isa = PBXTargetDependency;
			target = D7C127C029B09CFD0071383D /* WeatherForecast */;
			targetProxy = D7C127E229B09CFF0071383D /* PBXContainerItemProxy */;
		};
/* End PBXTargetDependency section */

/* Begin PBXVariantGroup section */
		D7C127CA29B09CFD0071383D /* Main.storyboard */ = {
			isa = PBXVariantGroup;
			children = (
				D7C127CB29B09CFD0071383D /* Base */,
			);
			name = Main.storyboard;
			sourceTree = "<group>";
		};
		D7C127CF29B09CFE0071383D /* LaunchScreen.storyboard */ = {
			isa = PBXVariantGroup;
			children = (
				D7C127D029B09CFE0071383D /* Base */,
			);
			name = LaunchScreen.storyboard;
			sourceTree = "<group>";
		};
/* End PBXVariantGroup section */

/* Begin XCBuildConfiguration section */
		D7C127E929B09CFF0071383D /* Debug */ = {
			isa = XCBuildConfiguration;
			buildSettings = {
				ALWAYS_SEARCH_USER_PATHS = NO;
				CLANG_ANALYZER_NONNULL = YES;
				CLANG_ANALYZER_NUMBER_OBJECT_CONVERSION = YES_AGGRESSIVE;
				CLANG_CXX_LANGUAGE_STANDARD = "gnu++20";
				CLANG_ENABLE_MODULES = YES;
				CLANG_ENABLE_OBJC_ARC = YES;
				CLANG_ENABLE_OBJC_WEAK = YES;
				CLANG_WARN_BLOCK_CAPTURE_AUTORELEASING = YES;
				CLANG_WARN_BOOL_CONVERSION = YES;
				CLANG_WARN_COMMA = YES;
				CLANG_WARN_CONSTANT_CONVERSION = YES;
				CLANG_WARN_DEPRECATED_OBJC_IMPLEMENTATIONS = YES;
				CLANG_WARN_DIRECT_OBJC_ISA_USAGE = YES_ERROR;
				CLANG_WARN_DOCUMENTATION_COMMENTS = YES;
				CLANG_WARN_EMPTY_BODY = YES;
				CLANG_WARN_ENUM_CONVERSION = YES;
				CLANG_WARN_INFINITE_RECURSION = YES;
				CLANG_WARN_INT_CONVERSION = YES;
				CLANG_WARN_NON_LITERAL_NULL_CONVERSION = YES;
				CLANG_WARN_OBJC_IMPLICIT_RETAIN_SELF = YES;
				CLANG_WARN_OBJC_LITERAL_CONVERSION = YES;
				CLANG_WARN_OBJC_ROOT_CLASS = YES_ERROR;
				CLANG_WARN_QUOTED_INCLUDE_IN_FRAMEWORK_HEADER = YES;
				CLANG_WARN_RANGE_LOOP_ANALYSIS = YES;
				CLANG_WARN_STRICT_PROTOTYPES = YES;
				CLANG_WARN_SUSPICIOUS_MOVE = YES;
				CLANG_WARN_UNGUARDED_AVAILABILITY = YES_AGGRESSIVE;
				CLANG_WARN_UNREACHABLE_CODE = YES;
				CLANG_WARN__DUPLICATE_METHOD_MATCH = YES;
				COPY_PHASE_STRIP = NO;
				DEBUG_INFORMATION_FORMAT = dwarf;
				ENABLE_STRICT_OBJC_MSGSEND = YES;
				ENABLE_TESTABILITY = YES;
				GCC_C_LANGUAGE_STANDARD = gnu11;
				GCC_DYNAMIC_NO_PIC = NO;
				GCC_NO_COMMON_BLOCKS = YES;
				GCC_OPTIMIZATION_LEVEL = 0;
				GCC_PREPROCESSOR_DEFINITIONS = (
					"DEBUG=1",
					"$(inherited)",
				);
				GCC_WARN_64_TO_32_BIT_CONVERSION = YES;
				GCC_WARN_ABOUT_RETURN_TYPE = YES_ERROR;
				GCC_WARN_UNDECLARED_SELECTOR = YES;
				GCC_WARN_UNINITIALIZED_AUTOS = YES_AGGRESSIVE;
				GCC_WARN_UNUSED_FUNCTION = YES;
				GCC_WARN_UNUSED_VARIABLE = YES;
				IPHONEOS_DEPLOYMENT_TARGET = 16.0;
				MTL_ENABLE_DEBUG_INFO = INCLUDE_SOURCE;
				MTL_FAST_MATH = YES;
				ONLY_ACTIVE_ARCH = YES;
				SDKROOT = iphoneos;
				SWIFT_ACTIVE_COMPILATION_CONDITIONS = DEBUG;
				SWIFT_OPTIMIZATION_LEVEL = "-Onone";
			};
			name = Debug;
		};
		D7C127EA29B09CFF0071383D /* Release */ = {
			isa = XCBuildConfiguration;
			buildSettings = {
				ALWAYS_SEARCH_USER_PATHS = NO;
				CLANG_ANALYZER_NONNULL = YES;
				CLANG_ANALYZER_NUMBER_OBJECT_CONVERSION = YES_AGGRESSIVE;
				CLANG_CXX_LANGUAGE_STANDARD = "gnu++20";
				CLANG_ENABLE_MODULES = YES;
				CLANG_ENABLE_OBJC_ARC = YES;
				CLANG_ENABLE_OBJC_WEAK = YES;
				CLANG_WARN_BLOCK_CAPTURE_AUTORELEASING = YES;
				CLANG_WARN_BOOL_CONVERSION = YES;
				CLANG_WARN_COMMA = YES;
				CLANG_WARN_CONSTANT_CONVERSION = YES;
				CLANG_WARN_DEPRECATED_OBJC_IMPLEMENTATIONS = YES;
				CLANG_WARN_DIRECT_OBJC_ISA_USAGE = YES_ERROR;
				CLANG_WARN_DOCUMENTATION_COMMENTS = YES;
				CLANG_WARN_EMPTY_BODY = YES;
				CLANG_WARN_ENUM_CONVERSION = YES;
				CLANG_WARN_INFINITE_RECURSION = YES;
				CLANG_WARN_INT_CONVERSION = YES;
				CLANG_WARN_NON_LITERAL_NULL_CONVERSION = YES;
				CLANG_WARN_OBJC_IMPLICIT_RETAIN_SELF = YES;
				CLANG_WARN_OBJC_LITERAL_CONVERSION = YES;
				CLANG_WARN_OBJC_ROOT_CLASS = YES_ERROR;
				CLANG_WARN_QUOTED_INCLUDE_IN_FRAMEWORK_HEADER = YES;
				CLANG_WARN_RANGE_LOOP_ANALYSIS = YES;
				CLANG_WARN_STRICT_PROTOTYPES = YES;
				CLANG_WARN_SUSPICIOUS_MOVE = YES;
				CLANG_WARN_UNGUARDED_AVAILABILITY = YES_AGGRESSIVE;
				CLANG_WARN_UNREACHABLE_CODE = YES;
				CLANG_WARN__DUPLICATE_METHOD_MATCH = YES;
				COPY_PHASE_STRIP = NO;
				DEBUG_INFORMATION_FORMAT = "dwarf-with-dsym";
				ENABLE_NS_ASSERTIONS = NO;
				ENABLE_STRICT_OBJC_MSGSEND = YES;
				GCC_C_LANGUAGE_STANDARD = gnu11;
				GCC_NO_COMMON_BLOCKS = YES;
				GCC_WARN_64_TO_32_BIT_CONVERSION = YES;
				GCC_WARN_ABOUT_RETURN_TYPE = YES_ERROR;
				GCC_WARN_UNDECLARED_SELECTOR = YES;
				GCC_WARN_UNINITIALIZED_AUTOS = YES_AGGRESSIVE;
				GCC_WARN_UNUSED_FUNCTION = YES;
				GCC_WARN_UNUSED_VARIABLE = YES;
				IPHONEOS_DEPLOYMENT_TARGET = 16.0;
				MTL_ENABLE_DEBUG_INFO = NO;
				MTL_FAST_MATH = YES;
				SDKROOT = iphoneos;
				SWIFT_COMPILATION_MODE = wholemodule;
				SWIFT_OPTIMIZATION_LEVEL = "-O";
				VALIDATE_PRODUCT = YES;
			};
			name = Release;
		};
		D7C127EC29B09CFF0071383D /* Debug */ = {
			isa = XCBuildConfiguration;
			buildSettings = {
				ASSETCATALOG_COMPILER_APPICON_NAME = AppIcon;
				ASSETCATALOG_COMPILER_GLOBAL_ACCENT_COLOR_NAME = AccentColor;
				CODE_SIGN_STYLE = Automatic;
				CURRENT_PROJECT_VERSION = 1;
				GENERATE_INFOPLIST_FILE = YES;
				INFOPLIST_FILE = WeatherForecast/Info.plist;
				INFOPLIST_KEY_UIApplicationSupportsIndirectInputEvents = YES;
				INFOPLIST_KEY_UILaunchStoryboardName = LaunchScreen;
				INFOPLIST_KEY_UIMainStoryboardFile = Main;
				INFOPLIST_KEY_UISupportedInterfaceOrientations_iPad = "UIInterfaceOrientationPortrait UIInterfaceOrientationPortraitUpsideDown UIInterfaceOrientationLandscapeLeft UIInterfaceOrientationLandscapeRight";
				INFOPLIST_KEY_UISupportedInterfaceOrientations_iPhone = "UIInterfaceOrientationPortrait UIInterfaceOrientationLandscapeLeft UIInterfaceOrientationLandscapeRight";
				IPHONEOS_DEPLOYMENT_TARGET = 15.0;
				LD_RUNPATH_SEARCH_PATHS = (
					"$(inherited)",
					"@executable_path/Frameworks",
				);
				MARKETING_VERSION = 1.0;
				PRODUCT_BUNDLE_IDENTIFIER = com.alexb.WeatherForecast;
				PRODUCT_NAME = "$(TARGET_NAME)";
				SUPPORTED_PLATFORMS = "iphoneos iphonesimulator";
				SUPPORTS_MACCATALYST = NO;
				SUPPORTS_MAC_DESIGNED_FOR_IPHONE_IPAD = NO;
				SWIFT_EMIT_LOC_STRINGS = YES;
				SWIFT_VERSION = 5.0;
				TARGETED_DEVICE_FAMILY = 1;
			};
			name = Debug;
		};
		D7C127ED29B09CFF0071383D /* Release */ = {
			isa = XCBuildConfiguration;
			buildSettings = {
				ASSETCATALOG_COMPILER_APPICON_NAME = AppIcon;
				ASSETCATALOG_COMPILER_GLOBAL_ACCENT_COLOR_NAME = AccentColor;
				CODE_SIGN_STYLE = Automatic;
				CURRENT_PROJECT_VERSION = 1;
				GENERATE_INFOPLIST_FILE = YES;
				INFOPLIST_FILE = WeatherForecast/Info.plist;
				INFOPLIST_KEY_UIApplicationSupportsIndirectInputEvents = YES;
				INFOPLIST_KEY_UILaunchStoryboardName = LaunchScreen;
				INFOPLIST_KEY_UIMainStoryboardFile = Main;
				INFOPLIST_KEY_UISupportedInterfaceOrientations_iPad = "UIInterfaceOrientationPortrait UIInterfaceOrientationPortraitUpsideDown UIInterfaceOrientationLandscapeLeft UIInterfaceOrientationLandscapeRight";
				INFOPLIST_KEY_UISupportedInterfaceOrientations_iPhone = "UIInterfaceOrientationPortrait UIInterfaceOrientationLandscapeLeft UIInterfaceOrientationLandscapeRight";
				IPHONEOS_DEPLOYMENT_TARGET = 15.0;
				LD_RUNPATH_SEARCH_PATHS = (
					"$(inherited)",
					"@executable_path/Frameworks",
				);
				MARKETING_VERSION = 1.0;
				PRODUCT_BUNDLE_IDENTIFIER = com.alexb.WeatherForecast;
				PRODUCT_NAME = "$(TARGET_NAME)";
				SUPPORTED_PLATFORMS = "iphoneos iphonesimulator";
				SUPPORTS_MACCATALYST = NO;
				SUPPORTS_MAC_DESIGNED_FOR_IPHONE_IPAD = NO;
				SWIFT_EMIT_LOC_STRINGS = YES;
				SWIFT_VERSION = 5.0;
				TARGETED_DEVICE_FAMILY = 1;
			};
			name = Release;
		};
		D7C127EF29B09CFF0071383D /* Debug */ = {
			isa = XCBuildConfiguration;
			buildSettings = {
				ALWAYS_EMBED_SWIFT_STANDARD_LIBRARIES = YES;
				BUNDLE_LOADER = "$(TEST_HOST)";
				CODE_SIGN_STYLE = Automatic;
				CURRENT_PROJECT_VERSION = 1;
				GENERATE_INFOPLIST_FILE = YES;
				IPHONEOS_DEPLOYMENT_TARGET = 16.0;
				MARKETING_VERSION = 1.0;
				PRODUCT_BUNDLE_IDENTIFIER = com.alexb.WeatherForecastTests;
				PRODUCT_NAME = "$(TARGET_NAME)";
				SWIFT_EMIT_LOC_STRINGS = NO;
				SWIFT_VERSION = 5.0;
				TARGETED_DEVICE_FAMILY = "1,2";
				TEST_HOST = "$(BUILT_PRODUCTS_DIR)/WeatherForecast.app/$(BUNDLE_EXECUTABLE_FOLDER_PATH)/WeatherForecast";
			};
			name = Debug;
		};
		D7C127F029B09CFF0071383D /* Release */ = {
			isa = XCBuildConfiguration;
			buildSettings = {
				ALWAYS_EMBED_SWIFT_STANDARD_LIBRARIES = YES;
				BUNDLE_LOADER = "$(TEST_HOST)";
				CODE_SIGN_STYLE = Automatic;
				CURRENT_PROJECT_VERSION = 1;
				GENERATE_INFOPLIST_FILE = YES;
				IPHONEOS_DEPLOYMENT_TARGET = 16.0;
				MARKETING_VERSION = 1.0;
				PRODUCT_BUNDLE_IDENTIFIER = com.alexb.WeatherForecastTests;
				PRODUCT_NAME = "$(TARGET_NAME)";
				SWIFT_EMIT_LOC_STRINGS = NO;
				SWIFT_VERSION = 5.0;
				TARGETED_DEVICE_FAMILY = "1,2";
				TEST_HOST = "$(BUILT_PRODUCTS_DIR)/WeatherForecast.app/$(BUNDLE_EXECUTABLE_FOLDER_PATH)/WeatherForecast";
			};
			name = Release;
		};
		D7C127F229B09CFF0071383D /* Debug */ = {
			isa = XCBuildConfiguration;
			buildSettings = {
				ALWAYS_EMBED_SWIFT_STANDARD_LIBRARIES = YES;
				CODE_SIGN_STYLE = Automatic;
				CURRENT_PROJECT_VERSION = 1;
				GENERATE_INFOPLIST_FILE = YES;
				MARKETING_VERSION = 1.0;
				PRODUCT_BUNDLE_IDENTIFIER = com.alexb.WeatherForecastUITests;
				PRODUCT_NAME = "$(TARGET_NAME)";
				SWIFT_EMIT_LOC_STRINGS = NO;
				SWIFT_VERSION = 5.0;
				TARGETED_DEVICE_FAMILY = "1,2";
				TEST_TARGET_NAME = WeatherForecast;
			};
			name = Debug;
		};
		D7C127F329B09CFF0071383D /* Release */ = {
			isa = XCBuildConfiguration;
			buildSettings = {
				ALWAYS_EMBED_SWIFT_STANDARD_LIBRARIES = YES;
				CODE_SIGN_STYLE = Automatic;
				CURRENT_PROJECT_VERSION = 1;
				GENERATE_INFOPLIST_FILE = YES;
				MARKETING_VERSION = 1.0;
				PRODUCT_BUNDLE_IDENTIFIER = com.alexb.WeatherForecastUITests;
				PRODUCT_NAME = "$(TARGET_NAME)";
				SWIFT_EMIT_LOC_STRINGS = NO;
				SWIFT_VERSION = 5.0;
				TARGETED_DEVICE_FAMILY = "1,2";
				TEST_TARGET_NAME = WeatherForecast;
			};
			name = Release;
		};
/* End XCBuildConfiguration section */

/* Begin XCConfigurationList section */
		D7C127BC29B09CFD0071383D /* Build configuration list for PBXProject "WeatherForecast" */ = {
			isa = XCConfigurationList;
			buildConfigurations = (
				D7C127E929B09CFF0071383D /* Debug */,
				D7C127EA29B09CFF0071383D /* Release */,
			);
			defaultConfigurationIsVisible = 0;
			defaultConfigurationName = Release;
		};
		D7C127EB29B09CFF0071383D /* Build configuration list for PBXNativeTarget "WeatherForecast" */ = {
			isa = XCConfigurationList;
			buildConfigurations = (
				D7C127EC29B09CFF0071383D /* Debug */,
				D7C127ED29B09CFF0071383D /* Release */,
			);
			defaultConfigurationIsVisible = 0;
			defaultConfigurationName = Release;
		};
		D7C127EE29B09CFF0071383D /* Build configuration list for PBXNativeTarget "WeatherForecastTests" */ = {
			isa = XCConfigurationList;
			buildConfigurations = (
				D7C127EF29B09CFF0071383D /* Debug */,
				D7C127F029B09CFF0071383D /* Release */,
			);
			defaultConfigurationIsVisible = 0;
			defaultConfigurationName = Release;
		};
		D7C127F129B09CFF0071383D /* Build configuration list for PBXNativeTarget "WeatherForecastUITests" */ = {
			isa = XCConfigurationList;
			buildConfigurations = (
				D7C127F229B09CFF0071383D /* Debug */,
				D7C127F329B09CFF0071383D /* Release */,
			);
			defaultConfigurationIsVisible = 0;
			defaultConfigurationName = Release;
		};
/* End XCConfigurationList section */

/* Begin XCVersionGroup section */
		D7C2BF6F29CB8C7D00420315 /* ForecastModel.xcdatamodeld */ = {
			isa = XCVersionGroup;
			children = (
				D7C2BF7029CB8C7D00420315 /* ForecastModel.xcdatamodel */,
			);
			currentVersion = D7C2BF7029CB8C7D00420315 /* ForecastModel.xcdatamodel */;
			path = ForecastModel.xcdatamodeld;
			sourceTree = "<group>";
			versionGroupType = wrapper.xcdatamodel;
		};
/* End XCVersionGroup section */
	};
	rootObject = D7C127B929B09CFD0071383D /* Project object */;
}
